
Microsoft Visual Studio Solution File, Format Version 12.00
# Visual Studio Version 16
VisualStudioVersion = 16.0.31605.320
MinimumVisualStudioVersion = 10.0.40219.1
Project("{FAE04EC0-301F-11D3-BF4B-00C04F79EFBC}") = "GECP_DOT_NET_API", "GECP_DOT_NET_API.csproj", "{F98FAFD3-1D6B-4872-982B-73809801F4D7}"
EndProject
Global
	GlobalSection(SolutionConfigurationPlatforms) = preSolution
		Debug|Any CPU = Debug|Any CPU
		Release|Any CPU = Release|Any CPU
	EndGlobalSection
	GlobalSection(ProjectConfigurationPlatforms) = postSolution
		{F98FAFD3-1D6B-4872-982B-73809801F4D7}.Debug|Any CPU.ActiveCfg = Debug|Any CPU
		{F98FAFD3-1D6B-4872-982B-73809801F4D7}.Debug|Any CPU.Build.0 = Debug|Any CPU
		{F98FAFD3-1D6B-4872-982B-73809801F4D7}.Release|Any CPU.ActiveCfg = Release|Any CPU
		{F98FAFD3-1D6B-4872-982B-73809801F4D7}.Release|Any CPU.Build.0 = Release|Any CPU
	EndGlobalSection
	GlobalSection(SolutionProperties) = preSolution
		HideSolutionNode = FALSE
	EndGlobalSection
	GlobalSection(ExtensibilityGlobals) = postSolution
		SolutionGuid = {A30EED93-266F-40DD-8D34-8FB452B61856}
	EndGlobalSection
EndGlobal
